
Microsoft Visual Studio Solution File, Format Version 12.00
# Visual Studio Version 16
VisualStudioVersion = 16.0.30907.101
MinimumVisualStudioVersion = 10.0.40219.1
Project("{9A19103F-16F7-4668-BE54-9A1E7A4F7556}") = "Lms.Api", "Lms.Api\Lms.Api.csproj", "{0482E1AE-12E0-4F22-AD0D-37CC4D780181}"
	ProjectSection(ProjectDependencies) = postProject
		{DEFA7D5D-9C9E-4CDC-986D-0D2BA57C1261} = {DEFA7D5D-9C9E-4CDC-986D-0D2BA57C1261}
		{22671D8C-EF5C-453D-BEAD-B37E0CF2DBD0} = {22671D8C-EF5C-453D-BEAD-B37E0CF2DBD0}
	EndProjectSection
EndProject
Project("{9A19103F-16F7-4668-BE54-9A1E7A4F7556}") = "Lms.Core", "Lms.Core\Lms.Core.csproj", "{DEFA7D5D-9C9E-4CDC-986D-0D2BA57C1261}"
EndProject
Project("{9A19103F-16F7-4668-BE54-9A1E7A4F7556}") = "Lms.Data", "Lms.Data\Lms.Data.csproj", "{22671D8C-EF5C-453D-BEAD-B37E0CF2DBD0}"
EndProject
Project("{FAE04EC0-301F-11D3-BF4B-00C04F79EFBC}") = "Lms.Test", "Lms.Test\Lms.Test.csproj", "{7D76327A-0BA8-46DC-87A1-257DB0C47820}"
EndProject
Global
	GlobalSection(SolutionConfigurationPlatforms) = preSolution
		Debug|Any CPU = Debug|Any CPU
		Release|Any CPU = Release|Any CPU
	EndGlobalSection
	GlobalSection(ProjectConfigurationPlatforms) = postSolution
		{0482E1AE-12E0-4F22-AD0D-37CC4D780181}.Debug|Any CPU.ActiveCfg = Debug|Any CPU
		{0482E1AE-12E0-4F22-AD0D-37CC4D780181}.Debug|Any CPU.Build.0 = Debug|Any CPU
		{0482E1AE-12E0-4F22-AD0D-37CC4D780181}.Release|Any CPU.ActiveCfg = Release|Any CPU
		{0482E1AE-12E0-4F22-AD0D-37CC4D780181}.Release|Any CPU.Build.0 = Release|Any CPU
		{DEFA7D5D-9C9E-4CDC-986D-0D2BA57C1261}.Debug|Any CPU.ActiveCfg = Debug|Any CPU
		{DEFA7D5D-9C9E-4CDC-986D-0D2BA57C1261}.Debug|Any CPU.Build.0 = Debug|Any CPU
		{DEFA7D5D-9C9E-4CDC-986D-0D2BA57C1261}.Release|Any CPU.ActiveCfg = Release|Any CPU
		{DEFA7D5D-9C9E-4CDC-986D-0D2BA57C1261}.Release|Any CPU.Build.0 = Release|Any CPU
		{22671D8C-EF5C-453D-BEAD-B37E0CF2DBD0}.Debug|Any CPU.ActiveCfg = Debug|Any CPU
		{22671D8C-EF5C-453D-BEAD-B37E0CF2DBD0}.Debug|Any CPU.Build.0 = Debug|Any CPU
		{22671D8C-EF5C-453D-BEAD-B37E0CF2DBD0}.Release|Any CPU.ActiveCfg = Release|Any CPU
		{22671D8C-EF5C-453D-BEAD-B37E0CF2DBD0}.Release|Any CPU.Build.0 = Release|Any CPU
		{7D76327A-0BA8-46DC-87A1-257DB0C47820}.Debug|Any CPU.ActiveCfg = Debug|Any CPU
		{7D76327A-0BA8-46DC-87A1-257DB0C47820}.Debug|Any CPU.Build.0 = Debug|Any CPU
		{7D76327A-0BA8-46DC-87A1-257DB0C47820}.Release|Any CPU.ActiveCfg = Release|Any CPU
		{7D76327A-0BA8-46DC-87A1-257DB0C47820}.Release|Any CPU.Build.0 = Release|Any CPU
	EndGlobalSection
	GlobalSection(SolutionProperties) = preSolution
		HideSolutionNode = FALSE
	EndGlobalSection
	GlobalSection(ExtensibilityGlobals) = postSolution
		SolutionGuid = {B7DF1DB8-C127-47D1-B1A2-59983BB3E13F}
	EndGlobalSection
EndGlobal
